
Microsoft Visual Studio Solution File, Format Version 12.00
# Visual Studio Version 17
VisualStudioVersion = 17.0.31903.59
MinimumVisualStudioVersion = 10.0.40219.1
Project("{2150E333-8FDC-42A3-9474-1A3956D46DE8}") = "app", "app", "{83DBE107-170B-43F9-A0E2-26321098CE7E}"
EndProject
Project("{FAE04EC0-301F-11D3-BF4B-00C04F79EFBC}") = "client", "app\client\client.csproj", "{23886EE4-96B5-493C-97DA-66E9842BD7ED}"
EndProject
Project("{FAE04EC0-301F-11D3-BF4B-00C04F79EFBC}") = "server", "app\server\server.csproj", "{DFCEA61F-28B1-4721-9B5F-B4D33ECFA4B2}"
EndProject
Global
	GlobalSection(SolutionConfigurationPlatforms) = preSolution
		Debug|Any CPU = Debug|Any CPU
		Release|Any CPU = Release|Any CPU
	EndGlobalSection
	GlobalSection(SolutionProperties) = preSolution
		HideSolutionNode = FALSE
	EndGlobalSection
	GlobalSection(ProjectConfigurationPlatforms) = postSolution
		{23886EE4-96B5-493C-97DA-66E9842BD7ED}.Debug|Any CPU.ActiveCfg = Debug|Any CPU
		{23886EE4-96B5-493C-97DA-66E9842BD7ED}.Debug|Any CPU.Build.0 = Debug|Any CPU
		{23886EE4-96B5-493C-97DA-66E9842BD7ED}.Release|Any CPU.ActiveCfg = Release|Any CPU
		{23886EE4-96B5-493C-97DA-66E9842BD7ED}.Release|Any CPU.Build.0 = Release|Any CPU
		{DFCEA61F-28B1-4721-9B5F-B4D33ECFA4B2}.Debug|Any CPU.ActiveCfg = Debug|Any CPU
		{DFCEA61F-28B1-4721-9B5F-B4D33ECFA4B2}.Debug|Any CPU.Build.0 = Debug|Any CPU
		{DFCEA61F-28B1-4721-9B5F-B4D33ECFA4B2}.Release|Any CPU.ActiveCfg = Release|Any CPU
		{DFCEA61F-28B1-4721-9B5F-B4D33ECFA4B2}.Release|Any CPU.Build.0 = Release|Any CPU
	EndGlobalSection
	GlobalSection(NestedProjects) = preSolution
		{23886EE4-96B5-493C-97DA-66E9842BD7ED} = {83DBE107-170B-43F9-A0E2-26321098CE7E}
		{DFCEA61F-28B1-4721-9B5F-B4D33ECFA4B2} = {83DBE107-170B-43F9-A0E2-26321098CE7E}
	EndGlobalSection
EndGlobal
